
Microsoft Visual Studio Solution File, Format Version 12.00
# Visual Studio Version 16
VisualStudioVersion = 16.0.31005.135
MinimumVisualStudioVersion = 10.0.40219.1
Project("{FAE04EC0-301F-11D3-BF4B-00C04F79EFBC}") = "WebAPI", "WebAPI.csproj", "{3F57613C-D8C3-44E7-8B91-91218A37D2A9}"
EndProject
Global
	GlobalSection(SolutionConfigurationPlatforms) = preSolution
		Debug|Any CPU = Debug|Any CPU
		Release|Any CPU = Release|Any CPU
	EndGlobalSection
	GlobalSection(ProjectConfigurationPlatforms) = postSolution
		{3F57613C-D8C3-44E7-8B91-91218A37D2A9}.Debug|Any CPU.ActiveCfg = Debug|Any CPU
		{3F57613C-D8C3-44E7-8B91-91218A37D2A9}.Debug|Any CPU.Build.0 = Debug|Any CPU
		{3F57613C-D8C3-44E7-8B91-91218A37D2A9}.Release|Any CPU.ActiveCfg = Release|Any CPU
		{3F57613C-D8C3-44E7-8B91-91218A37D2A9}.Release|Any CPU.Build.0 = Release|Any CPU
	EndGlobalSection
	GlobalSection(SolutionProperties) = preSolution
		HideSolutionNode = FALSE
	EndGlobalSection
	GlobalSection(ExtensibilityGlobals) = postSolution
		SolutionGuid = {0ABE0CC5-6E8C-4108-8B28-8AE59F193350}
	EndGlobalSection
EndGlobal
